<Solution>
  <Folder Name="/samples/">
    <Project Path="samples/TEC.Cqrs.LoadGenerator/TEC.Cqrs.LoadGenerator.csproj" />
    <Project Path="samples/TEC.Cqrs.SampleApi/TEC.Cqrs.SampleApi.csproj" />
  </Folder>
  <Project Path="TEC.Cqrs.AspNetCore/TEC.Cqrs.AspNetCore.csproj" />
  <Project Path="TEC.Cqrs.FluentValidation/TEC.Cqrs.FluentValidation.csproj" />
  <Project Path="TEC.Cqrs.LoadTests/TEC.Cqrs.LoadTests.csproj" />
  <Project Path="TEC.Cqrs.Tests/TEC.Cqrs.Tests.csproj" />
  <Project Path="TEC.Cqrs/TEC.Cqrs.csproj" />
</Solution>
